
Microsoft Visual Studio Solution File, Format Version 12.00
# Visual Studio Version 16
VisualStudioVersion = 16.0.30011.22
MinimumVisualStudioVersion = 10.0.40219.1
Project("{FAE04EC0-301F-11D3-BF4B-00C04F79EFBC}") = "DependencyInjectionExample", "DependencyInjectionExample\DependencyInjectionExample.csproj", "{ECE85341-9E0C-47A0-A615-8A6A76079069}"
EndProject
Global
	GlobalSection(SolutionConfigurationPlatforms) = preSolution
		Debug|Any CPU = Debug|Any CPU
		Release|Any CPU = Release|Any CPU
	EndGlobalSection
	GlobalSection(ProjectConfigurationPlatforms) = postSolution
		{ECE85341-9E0C-47A0-A615-8A6A76079069}.Debug|Any CPU.ActiveCfg = Debug|Any CPU
		{ECE85341-9E0C-47A0-A615-8A6A76079069}.Debug|Any CPU.Build.0 = Debug|Any CPU
		{ECE85341-9E0C-47A0-A615-8A6A76079069}.Release|Any CPU.ActiveCfg = Release|Any CPU
		{ECE85341-9E0C-47A0-A615-8A6A76079069}.Release|Any CPU.Build.0 = Release|Any CPU
	EndGlobalSection
	GlobalSection(SolutionProperties) = preSolution
		HideSolutionNode = FALSE
	EndGlobalSection
	GlobalSection(ExtensibilityGlobals) = postSolution
		SolutionGuid = {4BC0D1B5-1E01-4539-9FC7-13ED72920891}
	EndGlobalSection
EndGlobal
